
Microsoft Visual Studio Solution File, Format Version 12.00
# Visual Studio Version 17
VisualStudioVersion = 17.12.35424.110
MinimumVisualStudioVersion = 10.0.40219.1
Project("{FAE04EC0-301F-11D3-BF4B-00C04F79EFBC}") = "AspNetAspireFunction", "AspNetAspireFunction\AspNetAspireFunction.csproj", "{77A6352C-3192-4738-8356-4B4E2E7713CE}"
EndProject
Project("{FAE04EC0-301F-11D3-BF4B-00C04F79EFBC}") = "AspNetAspireFunction.AppHost", "AspNetAspireFunction.AppHost\AspNetAspireFunction.AppHost.csproj", "{569B3C7A-D3EC-43AE-A59C-7E63C787C89A}"
EndProject
Project("{FAE04EC0-301F-11D3-BF4B-00C04F79EFBC}") = "AspNetAspireFunction.ServiceDefaults", "AspNetAspireFunction.ServiceDefaults\AspNetAspireFunction.ServiceDefaults.csproj", "{4B10C94C-D392-49BE-B6BE-F5B8E94221EA}"
EndProject
Project("{FAE04EC0-301F-11D3-BF4B-00C04F79EFBC}") = "BlazorFrontEnd", "BlazorFrontEnd\BlazorFrontEnd.csproj", "{035DDD75-C4A2-28CC-C46F-D10C0DA20473}"
EndProject
Global
	GlobalSection(SolutionConfigurationPlatforms) = preSolution
		Debug|Any CPU = Debug|Any CPU
		Release|Any CPU = Release|Any CPU
	EndGlobalSection
	GlobalSection(ProjectConfigurationPlatforms) = postSolution
		{77A6352C-3192-4738-8356-4B4E2E7713CE}.Debug|Any CPU.ActiveCfg = Debug|Any CPU
		{77A6352C-3192-4738-8356-4B4E2E7713CE}.Debug|Any CPU.Build.0 = Debug|Any CPU
		{77A6352C-3192-4738-8356-4B4E2E7713CE}.Release|Any CPU.ActiveCfg = Release|Any CPU
		{77A6352C-3192-4738-8356-4B4E2E7713CE}.Release|Any CPU.Build.0 = Release|Any CPU
		{569B3C7A-D3EC-43AE-A59C-7E63C787C89A}.Debug|Any CPU.ActiveCfg = Debug|Any CPU
		{569B3C7A-D3EC-43AE-A59C-7E63C787C89A}.Debug|Any CPU.Build.0 = Debug|Any CPU
		{569B3C7A-D3EC-43AE-A59C-7E63C787C89A}.Release|Any CPU.ActiveCfg = Release|Any CPU
		{569B3C7A-D3EC-43AE-A59C-7E63C787C89A}.Release|Any CPU.Build.0 = Release|Any CPU
		{4B10C94C-D392-49BE-B6BE-F5B8E94221EA}.Debug|Any CPU.ActiveCfg = Debug|Any CPU
		{4B10C94C-D392-49BE-B6BE-F5B8E94221EA}.Debug|Any CPU.Build.0 = Debug|Any CPU
		{4B10C94C-D392-49BE-B6BE-F5B8E94221EA}.Release|Any CPU.ActiveCfg = Release|Any CPU
		{4B10C94C-D392-49BE-B6BE-F5B8E94221EA}.Release|Any CPU.Build.0 = Release|Any CPU
		{035DDD75-C4A2-28CC-C46F-D10C0DA20473}.Debug|Any CPU.ActiveCfg = Debug|Any CPU
		{035DDD75-C4A2-28CC-C46F-D10C0DA20473}.Debug|Any CPU.Build.0 = Debug|Any CPU
		{035DDD75-C4A2-28CC-C46F-D10C0DA20473}.Release|Any CPU.ActiveCfg = Release|Any CPU
		{035DDD75-C4A2-28CC-C46F-D10C0DA20473}.Release|Any CPU.Build.0 = Release|Any CPU
	EndGlobalSection
	GlobalSection(SolutionProperties) = preSolution
		HideSolutionNode = FALSE
	EndGlobalSection
	GlobalSection(ExtensibilityGlobals) = postSolution
		SolutionGuid = {DE18C76F-AA9A-4B7D-97D6-1B7BBF0B7CA0}
	EndGlobalSection
EndGlobal
